uuid: 707d1da7-35e4-4e9f-bd40-a47b277ca3c6
langcode: en
status: true
dependencies:
  module:
    - dcc_bottom_widgets
    - system
  theme:
    - dcc_theme
id: bottomwidgetssecondblock
theme: dcc_theme
region: bottom_second
weight: 0
provider: null
plugin: bottom_widgets_second_block
settings:
  id: bottom_widgets_second_block
  label: 'Bottom widgets second block'
  provider: dcc_bottom_widgets
  label_display: '0'
visibility:
  request_path:
    id: request_path
    pages: '<front>'
    negate: false
    context_mapping: {  }
