uuid: e3a26870-35ba-4eab-af2f-9a3ec7a848fd
langcode: en
status: true
dependencies:
  config:
    - views.view.upcoming_events_view
  module:
    - system
    - views
  theme:
    - dcc_theme
id: views_block__upcoming_events_view_block
theme: dcc_theme
region: sidebar_second
weight: 0
provider: null
plugin: 'views_block:upcoming_events_view-block_1'
settings:
  id: 'views_block:upcoming_events_view-block_1'
  label: ''
  provider: views
  label_display: visible
  views_label: ''
  items_per_page: none
visibility:
  request_path:
    id: request_path
    pages: "/admin/workbench/*\r\n/admin/workbench"
    negate: true
    context_mapping: {  }
