uuid: ccd2d7b2-d84d-4eec-b955-3717f887cf05
langcode: en
status: true
dependencies:
  config:
    - core.entity_view_mode.node.registration_block
    - field.field.node.drupal_training_scheduler.body
    - field.field.node.drupal_training_scheduler.field_company_name
    - field.field.node.drupal_training_scheduler.field_friday_schedule
    - field.field.node.drupal_training_scheduler.field_location
    - field.field.node.drupal_training_scheduler.field_logo
    - field.field.node.drupal_training_scheduler.field_metatag_image
    - field.field.node.drupal_training_scheduler.field_number_of_members
    - field.field.node.drupal_training_scheduler.field_registration_period
    - field.field.node.drupal_training_scheduler.field_saturday_schedule
    - field.field.node.drupal_training_scheduler.field_scheduler_description
    - field.field.node.drupal_training_scheduler.field_training_date
    - field.field.node.drupal_training_scheduler.field_website_link
    - node.type.drupal_training_scheduler
  module:
    - dcc_gtd_registration
    - user
id: node.drupal_training_scheduler.registration_block
targetEntityType: node
bundle: drupal_training_scheduler
mode: registration_block
content:
  field_location:
    weight: 1
    label: hidden
    settings: {  }
    third_party_settings: {  }
    type: google_map_field_name_formatter
  field_logo:
    weight: 2
    label: hidden
    settings:
      image_style: ''
      image_link: ''
    third_party_settings: {  }
    type: sponsored_by_image_field_formatter
  field_training_date:
    weight: 0
    label: hidden
    settings:
      timezone_override: ''
      format_type: medium_date_format_without_time
      separator: '-'
    third_party_settings: {  }
    type: dcc_registration_date_range_formatter
hidden:
  addtoany: true
  body: true
  field_company_name: true
  field_friday_schedule: true
  field_metatag_image: true
  field_number_of_members: true
  field_registration_period: true
  field_saturday_schedule: true
  field_scheduler_description: true
  field_website_link: true
  links: true
