uuid: 7424f2fe-f66f-46c8-b973-1274a27b8d22
langcode: en
status: true
dependencies:
  config:
    - core.entity_view_mode.node.events_block
    - field.field.node.event.body
    - field.field.node.event.field_date_of_event
    - field.field.node.event.field_location_of_event
    - field.field.node.event.field_main_image
    - field.field.node.event.field_type_of_event
    - image.style.content_image_style_670x480
    - node.type.event
  module:
    - datetime
    - google_map_field
    - image
    - user
id: node.event.events_block
targetEntityType: node
bundle: event
mode: events_block
content:
  field_date_of_event:
    weight: 1
    label: inline
    settings:
      format_type: medium
      timezone_override: ''
    third_party_settings: {  }
    type: datetime_default
  field_location_of_event:
    type: google_map_field_default
    weight: 2
    label: inline
    settings: {  }
    third_party_settings: {  }
  field_main_image:
    weight: 0
    label: hidden
    settings:
      image_style: content_image_style_670x480
      image_link: ''
    third_party_settings: {  }
    type: image
hidden:
  addtoany: true
  body: true
  field_type_of_event: true
  links: true
  workbench_moderation_control: true
